{
  "requires": true,
  "lockfileVersion": 1,
  "dependencies": {
    "apparatus": {
      "version": "0.0.9",
      "resolved": "https://registry.npmjs.org/apparatus/-/apparatus-0.0.9.tgz",
      "integrity": "sha1-N9zSWDStC2UQdllikduCPusZCL0=",
      "requires": {
        "sylvester": "0.0.21"
      }
    },
    "charm": {
      "version": "1.0.1",
      "resolved": "https://registry.npmjs.org/charm/-/charm-1.0.1.tgz",
      "integrity": "sha1-aFZqelU9T+kXlwMN0YUtDdbvqC0=",
      "requires": {
        "inherits": "2.0.3"
      }
    },
    "cli-cursor": {
      "version": "1.0.2",
      "resolved": "https://registry.npmjs.org/cli-cursor/-/cli-cursor-1.0.2.tgz",
      "integrity": "sha1-ZNo/fValRBLll5S9Ytw1KV6PKYc=",
      "requires": {
        "restore-cursor": "1.0.1"
      }
    },
    "cli-spinners": {
      "version": "0.2.0",
      "resolved": "https://registry.npmjs.org/cli-spinners/-/cli-spinners-0.2.0.tgz",
      "integrity": "sha1-hQeHN5E7iA9uyf/ntl6D7Hd2KE8="
    },
    "colors": {
      "version": "1.1.2",
      "resolved": "https://registry.npmjs.org/colors/-/colors-1.1.2.tgz",
      "integrity": "sha1-FopHAXVran9RoSzgyXv6KMCE7WM="
    },
    "csvtojson": {
      "version": "1.1.7",
      "resolved": "https://registry.npmjs.org/csvtojson/-/csvtojson-1.1.7.tgz",
      "integrity": "sha1-F97QeuwNjAHy1vaHHPo2q4ixSbE=",
      "requires": {
        "lodash": "4.17.4",
        "strip-bom": "1.0.0"
      }
    },
    "exit-hook": {
      "version": "1.1.1",
      "resolved": "https://registry.npmjs.org/exit-hook/-/exit-hook-1.1.1.tgz",
      "integrity": "sha1-8FyiM7SMBdVP/wd2XfhQfpXAL/g="
    },
    "first-chunk-stream": {
      "version": "1.0.0",
      "resolved": "https://registry.npmjs.org/first-chunk-stream/-/first-chunk-stream-1.0.0.tgz",
      "integrity": "sha1-Wb+1DNkF9g18OUzT2ayqtOatk04="
    },
    "inherits": {
      "version": "2.0.3",
      "resolved": "https://registry.npmjs.org/inherits/-/inherits-2.0.3.tgz",
      "integrity": "sha1-Yzwsg+PaQqUC9SRmAiSA9CCCYd4="
    },
    "is-utf8": {
      "version": "0.2.1",
      "resolved": "https://registry.npmjs.org/is-utf8/-/is-utf8-0.2.1.tgz",
      "integrity": "sha1-Sw2hRCEE0bM2NA6AeX6GXPOffXI="
    },
    "lodash": {
      "version": "4.17.4",
      "resolved": "https://registry.npmjs.org/lodash/-/lodash-4.17.4.tgz",
      "integrity": "sha1-eCA6TRwyiuHYbcpkYONptX9AVa4="
    },
    "mimir": {
      "version": "0.0.1",
      "resolved": "https://registry.npmjs.org/mimir/-/mimir-0.0.1.tgz",
      "integrity": "sha1-viomta78WPXG8pv83461qUhcjpk="
    },
    "natural": {
      "version": "0.5.4",
      "resolved": "https://registry.npmjs.org/natural/-/natural-0.5.4.tgz",
      "integrity": "sha1-rOQcFlXayikS37+ZrXsFMU4gX1Q=",
      "requires": {
        "apparatus": "0.0.9",
        "sylvester": "0.0.21",
        "underscore": "1.8.3"
      }
    },
    "node-status": {
      "version": "1.0.0",
      "resolved": "https://registry.npmjs.org/node-status/-/node-status-1.0.0.tgz",
      "integrity": "sha1-eQanxHplh9A0lr907GNKuqA/joA=",
      "requires": {
        "charm": "1.0.1",
        "cli-cursor": "1.0.2",
        "cli-spinners": "0.2.0",
        "colors": "1.1.2"
      }
    },
    "onetime": {
      "version": "1.1.0",
      "resolved": "https://registry.npmjs.org/onetime/-/onetime-1.1.0.tgz",
      "integrity": "sha1-ofeDj4MUxRbwXs78vEzP4EtO14k="
    },
    "progress": {
      "version": "2.0.0",
      "resolved": "https://registry.npmjs.org/progress/-/progress-2.0.0.tgz",
      "integrity": "sha1-ihvjZr+Pwj2yvSPxDG/pILQ4nR8="
    },
    "restore-cursor": {
      "version": "1.0.1",
      "resolved": "https://registry.npmjs.org/restore-cursor/-/restore-cursor-1.0.1.tgz",
      "integrity": "sha1-NGYfRohjJ/7SmRR5FSJS35LapUE=",
      "requires": {
        "exit-hook": "1.1.1",
        "onetime": "1.1.0"
      }
    },
    "stopword": {
      "version": "0.1.8",
      "resolved": "https://registry.npmjs.org/stopword/-/stopword-0.1.8.tgz",
      "integrity": "sha1-tYNQawIYyylmx3zEHLkv/ag5brk="
    },
    "strip-bom": {
      "version": "1.0.0",
      "resolved": "https://registry.npmjs.org/strip-bom/-/strip-bom-1.0.0.tgz",
      "integrity": "sha1-hbiGLzhEtabV7IRnqTWYFzo295Q=",
      "requires": {
        "first-chunk-stream": "1.0.0",
        "is-utf8": "0.2.1"
      }
    },
    "sylvester": {
      "version": "0.0.21",
      "resolved": "https://registry.npmjs.org/sylvester/-/sylvester-0.0.21.tgz",
      "integrity": "sha1-KYexzivS84sNzio0OIiEv6RADqc="
    },
    "underscore": {
      "version": "1.8.3",
      "resolved": "https://registry.npmjs.org/underscore/-/underscore-1.8.3.tgz",
      "integrity": "sha1-Tz+1OxBuYJf8+ctBCfKl6b36UCI="
    }
  }
}
